Microsoft Visual Studio Solution File, Format Version 9.00
# Visual Studio 2005
Project("{FAE04EC0-301F-11D3-BF4B-00C04F79EFBC}") = "Google.Apps.SingleSignOn", "src\Google.Apps.SingleSignOn.csproj", "{1EAF8F91-6743-4513-BEFE-A1C69F7A17D6}"
	ProjectSection(WebsiteProperties) = preProject
		Debug.AspNetCompiler.Debug = "True"
		Release.AspNetCompiler.Debug = "False"
	EndProjectSection
EndProject
Project("{FAE04EC0-301F-11D3-BF4B-00C04F79EFBC}") = "Google.Apps.SingleSignOn.Web", "web\Google.Apps.SingleSignOn.Web.csproj", "{590EE0B8-42FE-4A1D-B137-F10174435A60}"
	ProjectSection(WebsiteProperties) = preProject
		Debug.AspNetCompiler.Debug = "True"
		Release.AspNetCompiler.Debug = "False"
	EndProjectSection
EndProject
Global
	GlobalSection(SolutionConfigurationPlatforms) = preSolution
		Debug|Any CPU = Debug|Any CPU
		Release|Any CPU = Release|Any CPU
	EndGlobalSection
	GlobalSection(ProjectConfigurationPlatforms) = postSolution
		{1EAF8F91-6743-4513-BEFE-A1C69F7A17D6}.Debug|Any CPU.ActiveCfg = Debug|Any CPU
		{1EAF8F91-6743-4513-BEFE-A1C69F7A17D6}.Debug|Any CPU.Build.0 = Debug|Any CPU
		{1EAF8F91-6743-4513-BEFE-A1C69F7A17D6}.Release|Any CPU.ActiveCfg = Release|Any CPU
		{1EAF8F91-6743-4513-BEFE-A1C69F7A17D6}.Release|Any CPU.Build.0 = Release|Any CPU
		{590EE0B8-42FE-4A1D-B137-F10174435A60}.Debug|Any CPU.ActiveCfg = Debug|Any CPU
		{590EE0B8-42FE-4A1D-B137-F10174435A60}.Debug|Any CPU.Build.0 = Debug|Any CPU
		{590EE0B8-42FE-4A1D-B137-F10174435A60}.Release|Any CPU.ActiveCfg = Release|Any CPU
		{590EE0B8-42FE-4A1D-B137-F10174435A60}.Release|Any CPU.Build.0 = Release|Any CPU
	EndGlobalSection
	GlobalSection(SolutionProperties) = preSolution
		HideSolutionNode = FALSE
	EndGlobalSection
EndGlobal
